lockfile_version: '1'
generated_at: '2026-06-06T13:08:37.830362+00:00'
apm_version: 0.14.1
dependencies:
- repo_url: _local/backlog-refiner
  package_type: claude_skill
  deployed_files:
  - .agents/skills/backlog-refiner
  source: local
  local_path: ./.agents/skills/backlog-refiner
- repo_url: _local/docs-writer
  package_type: claude_skill
  deployed_files:
  - .agents/skills/docs-writer
  source: local
  local_path: ./.agents/skills/docs-writer
- repo_url: _local/external-contributor-issues
  package_type: claude_skill
  deployed_files:
  - .agents/skills/external-contributor-issues
  source: local
  local_path: ./.agents/skills/external-contributor-issues
- repo_url: _local/housekeeper
  package_type: claude_skill
  deployed_files:
  - .agents/skills/housekeeper
  source: local
  local_path: ./.agents/skills/housekeeper
- repo_url: anthropics/skills
  host: github.com
  resolved_commit: da20c92503b2e8ff1cf28ca81a0df4673debdbf7
  virtual_path: skills/skill-creator
  is_virtual: true
  package_type: claude_skill
  deployed_files:
  - .agents/skills/skill-creator
  content_hash: sha256:b2bfe91d69ca99994c0566baede889e7d2b9bb8791c6b6106c5d387392f717f6
mcp_servers:
- github
mcp_configs:
  github:
    name: github
    transport: stdio
    env:
      GITHUB_PERSONAL_ACCESS_TOKEN: ${GITHUB_PAT}
    args:
    - -y
    - '@modelcontextprotocol/server-github'
    registry: false
    command: npx
