lockfile_version: '1'
generated_at: '2026-06-24T15:48:59.114441+00:00'
apm_version: 0.21.0
dependencies:
- repo_url: _local/backlog-refiner
  package_type: claude_skill
  deployed_files:
  - .claude/skills/backlog-refiner
  - .claude/skills/backlog-refiner/SKILL.md
  - .claude/skills/backlog-refiner/evals/evals.json
  deployed_file_hashes:
    .claude/skills/backlog-refiner/SKILL.md: sha256:84bc6c736d9b64d94622428a5157e061dc223919f50a48fa6a83a75dbad3d068
    .claude/skills/backlog-refiner/evals/evals.json: sha256:d8a6338ee17ceabd5a2b32f247256d6986058db2a48e1e796febcf86fd255208
  source: local
  local_path: ./.agent_skills/backlog-refiner
- repo_url: _local/docs-writer
  package_type: claude_skill
  deployed_files:
  - .claude/skills/docs-writer
  - .claude/skills/docs-writer/SKILL.md
  deployed_file_hashes:
    .claude/skills/docs-writer/SKILL.md: sha256:6f3e2705975ac21f56ee94a1489e9a7d5821420efa75bb152721323905699356
  source: local
  local_path: ./.agent_skills/docs-writer
- repo_url: _local/external-contributor-issues
  package_type: claude_skill
  deployed_files:
  - .claude/skills/external-contributor-issues
  - .claude/skills/external-contributor-issues/SKILL.md
  deployed_file_hashes:
    .claude/skills/external-contributor-issues/SKILL.md: sha256:d16e85fc5440978adc54e2eabe45419710f050bce8b925724745ea7596e95b9f
  source: local
  local_path: ./.agent_skills/external-contributor-issues
- repo_url: _local/housekeeper
  package_type: claude_skill
  deployed_files:
  - .claude/skills/housekeeper
  - .claude/skills/housekeeper/SKILL.md
  deployed_file_hashes:
    .claude/skills/housekeeper/SKILL.md: sha256:60857fb09e3f651f0e1a3c22616f69a9cc6f41584eae47b978751f7709f8b4c1
  source: local
  local_path: ./.agent_skills/housekeeper
- repo_url: _local/security-vulnerabilities-patcher
  package_type: claude_skill
  deployed_files:
  - .claude/skills/security-vulnerabilities-patcher
  - .claude/skills/security-vulnerabilities-patcher/SKILL.md
  deployed_file_hashes:
    .claude/skills/security-vulnerabilities-patcher/SKILL.md: sha256:93ac2d498cca56aade45bfefed8469d5af2b36de10ff80a21a97e989f2a3a72a
  source: local
  local_path: ./.agent_skills/security-vulnerabilities-patcher
- repo_url: _local/test-reviewer
  package_type: claude_skill
  deployed_files:
  - .claude/skills/test-reviewer
  - .claude/skills/test-reviewer/SKILL.md
  deployed_file_hashes:
    .claude/skills/test-reviewer/SKILL.md: sha256:097e9dfc42a8d890f674faa10d188fa83640750c8a94d9a3c4d61111559d940d
  source: local
  local_path: ./.agent_skills/test-reviewer
- repo_url: anthropics/skills
  host: github.com
  resolved_commit: 57546260929473d4e0d1c1bb75297be2fdfa1949
  virtual_path: skills/skill-creator
  is_virtual: true
  package_type: claude_skill
  deployed_files:
  - .claude/skills/skill-creator
  - .claude/skills/skill-creator/LICENSE.txt
  - .claude/skills/skill-creator/SKILL.md
  - .claude/skills/skill-creator/agents/analyzer.md
  - .claude/skills/skill-creator/agents/comparator.md
  - .claude/skills/skill-creator/agents/grader.md
  - .claude/skills/skill-creator/assets/eval_review.html
  - .claude/skills/skill-creator/eval-viewer/generate_review.py
  - .claude/skills/skill-creator/eval-viewer/viewer.html
  - .claude/skills/skill-creator/references/schemas.md
  - .claude/skills/skill-creator/scripts/__init__.py
  - .claude/skills/skill-creator/scripts/aggregate_benchmark.py
  - .claude/skills/skill-creator/scripts/generate_report.py
  - .claude/skills/skill-creator/scripts/improve_description.py
  - .claude/skills/skill-creator/scripts/package_skill.py
  - .claude/skills/skill-creator/scripts/quick_validate.py
  - .claude/skills/skill-creator/scripts/run_eval.py
  - .claude/skills/skill-creator/scripts/run_loop.py
  - .claude/skills/skill-creator/scripts/utils.py
  deployed_file_hashes:
    .claude/skills/skill-creator/LICENSE.txt: sha256:bc6b3af2f331cbc7fb0da1344efb2cbe5877a31498b4d70dbc7000f3405a1362
    .claude/skills/skill-creator/SKILL.md: sha256:dcd4803e61e913e6fc27294184cd3a71f09f5e924ff20c8a9a20173e7b3c2bcf
    .claude/skills/skill-creator/agents/analyzer.md: sha256:bf68f4cac5a56c673a928c2e6d619586c5b93ea364026ab37547772cb45a663a
    .claude/skills/skill-creator/agents/comparator.md: sha256:fe1fc9787c495d864c5d6eada47396478572325fde1b33a96d78bf4b849b7a3e
    .claude/skills/skill-creator/agents/grader.md: sha256:57134da0c1a4eea33fbd74a1c9c44aa814f07d6bc64de303edb586f941e5d21a
    .claude/skills/skill-creator/assets/eval_review.html: sha256:ce477dcc74dc1c0d1d3352646a79167b5a63634e936b1019160025065974e452
    .claude/skills/skill-creator/eval-viewer/generate_review.py: sha256:fc9d1b9243fe5ab6012ebd579bd76d0035de1b79fd3b969de114defab26478fb
    .claude/skills/skill-creator/eval-viewer/viewer.html: sha256:a53213426ee1100441d701a3a0d49cda7a842f992d2c36463f4d3cc0258575fa
    .claude/skills/skill-creator/references/schemas.md: sha256:8e8876180a8989b406a4d3edddf875b04cdfd5805cc8616686d552b11ce4455f
    .claude/skills/skill-creator/scripts/__init__.py: sha256:e3b0c44298fc1c149afbf4c8996fb92427ae41e4649b934ca495991b7852b855
    .claude/skills/skill-creator/scripts/aggregate_benchmark.py: sha256:123ef128ea5ccc01a4b1ac212ef5567f21e9c13d3d240609780beeb3200c49aa
    .claude/skills/skill-creator/scripts/generate_report.py: sha256:13df7118a3c50c83c4c3250a606d5f2b20b25a3d44cbc392b3d669ec75281453
    .claude/skills/skill-creator/scripts/improve_description.py: sha256:87d864570220b699fac52da309d2d6efdb060647bfebc74f768128e646accf80
    .claude/skills/skill-creator/scripts/package_skill.py: sha256:1a33059b0db1ef73375d46d513e5ea81369d2e8838c970597b0d52ddef8d1c0f
    .claude/skills/skill-creator/scripts/quick_validate.py: sha256:67cf5703402013936c8fb75ad6a1afecd8841d45cc5e606b634eb05825fde365
    .claude/skills/skill-creator/scripts/run_eval.py: sha256:43e3b8f80dbf69c343967ba77e268fae991d9fa3ed68b32a0ff02532cd48657f
    .claude/skills/skill-creator/scripts/run_loop.py: sha256:7bd6f674203168520517eec94c55f493c0d154339b061b4d7c0f0dad187d0f21
    .claude/skills/skill-creator/scripts/utils.py: sha256:3af8ae62c40c73ab712207436a0d9a981e845f25c5a7040229eb189cc8e45bb1
  content_hash: sha256:b2bfe91d69ca99994c0566baede889e7d2b9bb8791c6b6106c5d387392f717f6
mcp_servers:
- github
mcp_configs:
  github:
    name: github
    transport: stdio
    env:
      GITHUB_PERSONAL_ACCESS_TOKEN: ${GITHUB_PAT}
    args:
    - -y
    - '@modelcontextprotocol/server-github'
    registry: false
    command: npx
